
Microsoft Visual Studio Solution File, Format Version 12.00
# Visual Studio 15
Project("{FAE04EC0-301F-11D3-BF4B-00C04F79EFBC}") = "Boxophobic.Utils.Scripts", "Boxophobic.Utils.Scripts.csproj", "{D9F79B66-8954-48EB-EF76-C7EBDA8CCA3C}"
EndProject
Project("{FAE04EC0-301F-11D3-BF4B-00C04F79EFBC}") = "Assembly-CSharp", "Assembly-CSharp.csproj", "{6B37F151-E9AB-5C71-64FC-898C3999CCA0}"
EndProject
Project("{FAE04EC0-301F-11D3-BF4B-00C04F79EFBC}") = "Boxophobic.Utils.Editor", "Boxophobic.Utils.Editor.csproj", "{75D0255C-09AB-F3CA-5B8C-93DB194D27A8}"
EndProject
Project("{FAE04EC0-301F-11D3-BF4B-00C04F79EFBC}") = "Boxophobic.SkyboxCubemapExtended.Editor", "Boxophobic.SkyboxCubemapExtended.Editor.csproj", "{11CDBA36-B321-90BE-F6BE-EC721BDE0955}"
EndProject
Global
	GlobalSection(SolutionConfigurationPlatforms) = preSolution
		Debug|Any CPU = Debug|Any CPU
		Release|Any CPU = Release|Any CPU
	EndGlobalSection
	GlobalSection(ProjectConfigurationPlatforms) = postSolution
		{D9F79B66-8954-48EB-EF76-C7EBDA8CCA3C}.Debug|Any CPU.ActiveCfg = Debug|Any CPU
		{D9F79B66-8954-48EB-EF76-C7EBDA8CCA3C}.Debug|Any CPU.Build.0 = Debug|Any CPU
		{D9F79B66-8954-48EB-EF76-C7EBDA8CCA3C}.Release|Any CPU.ActiveCfg = Release|Any CPU
		{D9F79B66-8954-48EB-EF76-C7EBDA8CCA3C}.Release|Any CPU.Build.0 = Release|Any CPU
		{6B37F151-E9AB-5C71-64FC-898C3999CCA0}.Debug|Any CPU.ActiveCfg = Debug|Any CPU
		{6B37F151-E9AB-5C71-64FC-898C3999CCA0}.Debug|Any CPU.Build.0 = Debug|Any CPU
		{6B37F151-E9AB-5C71-64FC-898C3999CCA0}.Release|Any CPU.ActiveCfg = Release|Any CPU
		{6B37F151-E9AB-5C71-64FC-898C3999CCA0}.Release|Any CPU.Build.0 = Release|Any CPU
		{75D0255C-09AB-F3CA-5B8C-93DB194D27A8}.Debug|Any CPU.ActiveCfg = Debug|Any CPU
		{75D0255C-09AB-F3CA-5B8C-93DB194D27A8}.Debug|Any CPU.Build.0 = Debug|Any CPU
		{75D0255C-09AB-F3CA-5B8C-93DB194D27A8}.Release|Any CPU.ActiveCfg = Release|Any CPU
		{75D0255C-09AB-F3CA-5B8C-93DB194D27A8}.Release|Any CPU.Build.0 = Release|Any CPU
		{11CDBA36-B321-90BE-F6BE-EC721BDE0955}.Debug|Any CPU.ActiveCfg = Debug|Any CPU
		{11CDBA36-B321-90BE-F6BE-EC721BDE0955}.Debug|Any CPU.Build.0 = Debug|Any CPU
		{11CDBA36-B321-90BE-F6BE-EC721BDE0955}.Release|Any CPU.ActiveCfg = Release|Any CPU
		{11CDBA36-B321-90BE-F6BE-EC721BDE0955}.Release|Any CPU.Build.0 = Release|Any CPU
	EndGlobalSection
	GlobalSection(SolutionProperties) = preSolution
		HideSolutionNode = FALSE
	EndGlobalSection
EndGlobal
